# THIS IS AN AUTOGENERATED FILE. DO NOT EDIT THIS FILE DIRECTLY.
# yarn lockfile v1


csv-generate@^4.2.0:
  version "4.2.0"
  resolved "https://registry.yarnpkg.com/csv-generate/-/csv-generate-4.2.0.tgz#06e23634415c1d5a7cb111102bbea868b0857e6f"
  integrity sha512-zlIESlGQaYqIhNYwBN2pj5KXNMYbAXZYMOgNoVSoYV8MQyGZwcNWX+kx5LHxocp+zQDqzSgeKh+e+AZs+nCq4Q==

csv-parse@^5.3.1:
  version "5.3.1"
  resolved "https://registry.yarnpkg.com/csv-parse/-/csv-parse-5.3.1.tgz#78b028eb2d2a3e16e62ee8abe710ff7a0b1f8b3b"
  integrity sha512-R4Hv6eGJNzgcKdThZ6XORbSQ873HVcNke74QIq+LbwpT90LaZ8Xzl7KKiuIP16xq/P7ofzRt0h7S0xm+fVScsw==

csv-stringify@^6.2.0:
  version "6.2.0"
  resolved "https://registry.yarnpkg.com/csv-stringify/-/csv-stringify-6.2.0.tgz#f89881e8f61293bf5af11f421266b5da7b744030"
  integrity sha512-dcUbQLRTTDcgQxgEU8V9IctkaCwHZjZfzUZ5ZB3RY8Y+pXtdtl5iVQHfGzANytFFkRKanYzBXrkfpNdGR7eviA==

csv@^6.2.1:
  version "6.2.1"
  resolved "https://registry.yarnpkg.com/csv/-/csv-6.2.1.tgz#2f26b81b410f9464a98e942f249da16cd9c1eea2"
  integrity sha512-qTEPklcIZkJGaB/j6/2qNXZbKgWSXPVMyRnZvRcb1F7MGyvLqJexlZlbJ3NQkgmUoAeScZhsRHjlZEgImBfCYQ==
  dependencies:
    csv-generate "^4.2.0"
    csv-parse "^5.3.1"
    csv-stringify "^6.2.0"
    stream-transform "^3.2.0"

stream-transform@^3.2.0:
  version "3.2.0"
  resolved "https://registry.yarnpkg.com/stream-transform/-/stream-transform-3.2.0.tgz#5b94300c09f4db30d682f5b3bad97c3c8aac81d1"
  integrity sha512-M22v88wNknyJiIyHYoiIYI5RPl/R7tkf92j1YNkmrbe5XRGHW0jW8n458j1njOrR4Edcj8bwbpSV0iLIWon1hg==
